<?xml version="1.0" encoding="UTF-8" standalone="yes" ?>
<CodeBlocks_project_file>
	<FileVersion major="1" minor="6" />
	<Project>
		<Option title="BM3D_CPU" />
		<Option pch_mode="2" />
		<Option compiler="gcc" />
		<Build>
			<Target title="Debug">
				<Option output="bin/Debug/BM3D_CPU" prefix_auto="1" extension_auto="1" />
				<Option object_output="obj/Debug/" />
				<Option type="1" />
				<Option compiler="gcc" />
				<Compiler>
					<Add option="-g" />
				</Compiler>
			</Target>
			<Target title="Release">
				<Option output="bin/Release/BM3D_CPU" prefix_auto="1" extension_auto="1" />
				<Option object_output="obj/Release/" />
				<Option type="1" />
				<Option compiler="gcc" />
				<Compiler>
					<Add option="-O2" />
				</Compiler>
				<Linker>
					<Add option="-s" />
				</Linker>
			</Target>
		</Build>
		<Compiler>
			<Add option="-Wall" />
		</Compiler>
		<Unit filename="../bm.cpp" />
		<Unit filename="../bm.h" />
		<Unit filename="../bm3d.cpp" />
		<Unit filename="../bm3d.h" />
		<Unit filename="../imghelper.cpp" />
		<Unit filename="../imghelper.h" />
		<Unit filename="../imghelpercuda.cu" />
		<Unit filename="../imghelpercuda.h" />
		<Unit filename="../main.cpp" />
		<Unit filename="../util.cpp" />
		<Unit filename="../util.h" />
		<Extensions>
			<code_completion />
			<debugger />
		</Extensions>
	</Project>
</CodeBlocks_project_file>
